// !$*UTF8*$!
{
	archiveVersion = 1;
	classes = {
	};
	objectVersion = 56;
	objects = {

/* Begin PBXBuildFile section */
		AA44432B2A517E0C00E113E4 /* Extensions.swift in Sources */ = {isa = PBXBuildFile; fileRef = AA44432A2A517E0C00E113E4 /* Extensions.swift */; };
		AA44432D2A51831800E113E4 /* EmptyListItem.swift in Sources */ = {isa = PBXBuildFile; fileRef = AA44432C2A51831800E113E4 /* EmptyListItem.swift */; };
		AA44432F2A51A14E00E113E4 /* TagView.swift in Sources */ = {isa = PBXBuildFile; fileRef = AA44432E2A51A14E00E113E4 /* TagView.swift */; };
		AA4443322A51A5EE00E113E4 /* Localizable.xcstrings in Resources */ = {isa = PBXBuildFile; fileRef = AA4443312A51A5EE00E113E4 /* Localizable.xcstrings */; };
		AA5212C82A498085008D33A8 /* RecipesApp.swift in Sources */ = {isa = PBXBuildFile; fileRef = AA5212C72A498085008D33A8 /* RecipesApp.swift */; };
		AA5212CA2A498085008D33A8 /* ContentView.swift in Sources */ = {isa = PBXBuildFile; fileRef = AA5212C92A498085008D33A8 /* ContentView.swift */; };
		AA5212CC2A498086008D33A8 /* Assets.xcassets in Resources */ = {isa = PBXBuildFile; fileRef = AA5212CB2A498086008D33A8 /* Assets.xcassets */; };
		AA5212CF2A498086008D33A8 /* Preview Assets.xcassets in Resources */ = {isa = PBXBuildFile; fileRef = AA5212CE2A498086008D33A8 /* Preview Assets.xcassets */; };
		AA5212D12A498086008D33A8 /* Recipe.swift in Sources */ = {isa = PBXBuildFile; fileRef = AA5212D02A498086008D33A8 /* Recipe.swift */; };
		AA5212DB2A4980B2008D33A8 /* StartPage.swift in Sources */ = {isa = PBXBuildFile; fileRef = AA5212DA2A4980B2008D33A8 /* StartPage.swift */; };
		AAB8A9FF2A4AB25000E5188E /* CreateRecipePage.swift in Sources */ = {isa = PBXBuildFile; fileRef = AAB8A9FE2A4AB25000E5188E /* CreateRecipePage.swift */; };
		AAE7AB102A49835F00C94FC0 /* FavoritesPage.swift in Sources */ = {isa = PBXBuildFile; fileRef = AAE7AB0F2A49835F00C94FC0 /* FavoritesPage.swift */; };
		AAE7AB132A49844500C94FC0 /* RecipeCardView.swift in Sources */ = {isa = PBXBuildFile; fileRef = AAE7AB122A49844500C94FC0 /* RecipeCardView.swift */; };
		AAE7AB152A49889400C94FC0 /* YourRecipesPage.swift in Sources */ = {isa = PBXBuildFile; fileRef = AAE7AB142A49889400C94FC0 /* YourRecipesPage.swift */; };
/* End PBXBuildFile section */

/* Begin PBXFileReference section */
		AA44432A2A517E0C00E113E4 /* Extensions.swift */ = {isa = PBXFileReference; lastKnownFileType = sourcecode.swift; path = Extensions.swift; sourceTree = "<group>"; };
		AA44432C2A51831800E113E4 /* EmptyListItem.swift */ = {isa = PBXFileReference; lastKnownFileType = sourcecode.swift; path = EmptyListItem.swift; sourceTree = "<group>"; };
		AA44432E2A51A14E00E113E4 /* TagView.swift */ = {isa = PBXFileReference; lastKnownFileType = sourcecode.swift; path = TagView.swift; sourceTree = "<group>"; };
		AA4443312A51A5EE00E113E4 /* Localizable.xcstrings */ = {isa = PBXFileReference; lastKnownFileType = text.json.xcstrings; path = Localizable.xcstrings; sourceTree = "<group>"; };
		AA5212C42A498085008D33A8 /* Recipes.app */ = {isa = PBXFileReference; explicitFileType = wrapper.application; includeInIndex = 0; path = Recipes.app; sourceTree = BUILT_PRODUCTS_DIR; };
		AA5212C72A498085008D33A8 /* RecipesApp.swift */ = {isa = PBXFileReference; lastKnownFileType = sourcecode.swift; path = RecipesApp.swift; sourceTree = "<group>"; };
		AA5212C92A498085008D33A8 /* ContentView.swift */ = {isa = PBXFileReference; lastKnownFileType = sourcecode.swift; path = ContentView.swift; sourceTree = "<group>"; };
		AA5212CB2A498086008D33A8 /* Assets.xcassets */ = {isa = PBXFileReference; lastKnownFileType = folder.assetcatalog; path = Assets.xcassets; sourceTree = "<group>"; };
		AA5212CE2A498086008D33A8 /* Preview Assets.xcassets */ = {isa = PBXFileReference; lastKnownFileType = folder.assetcatalog; path = "Preview Assets.xcassets"; sourceTree = "<group>"; };
		AA5212D02A498086008D33A8 /* Recipe.swift */ = {isa = PBXFileReference; lastKnownFileType = sourcecode.swift; path = Recipe.swift; sourceTree = "<group>"; };
		AA5212D22A498086008D33A8 /* Recipes.entitlements */ = {isa = PBXFileReference; lastKnownFileType = text.plist.entitlements; path = Recipes.entitlements; sourceTree = "<group>"; };
		AA5212D32A498086008D33A8 /* Info.plist */ = {isa = PBXFileReference; lastKnownFileType = text.plist.xml; path = Info.plist; sourceTree = "<group>"; };
		AA5212DA2A4980B2008D33A8 /* StartPage.swift */ = {isa = PBXFileReference; lastKnownFileType = sourcecode.swift; path = StartPage.swift; sourceTree = "<group>"; };
		AAB8A9FE2A4AB25000E5188E /* CreateRecipePage.swift */ = {isa = PBXFileReference; lastKnownFileType = sourcecode.swift; path = CreateRecipePage.swift; sourceTree = "<group>"; };
		AAE7AB0F2A49835F00C94FC0 /* FavoritesPage.swift */ = {isa = PBXFileReference; lastKnownFileType = sourcecode.swift; path = FavoritesPage.swift; sourceTree = "<group>"; };
		AAE7AB122A49844500C94FC0 /* RecipeCardView.swift */ = {isa = PBXFileReference; lastKnownFileType = sourcecode.swift; path = RecipeCardView.swift; sourceTree = "<group>"; };
		AAE7AB142A49889400C94FC0 /* YourRecipesPage.swift */ = {isa = PBXFileReference; lastKnownFileType = sourcecode.swift; path = YourRecipesPage.swift; sourceTree = "<group>"; };
/* End PBXFileReference section */

/* Begin PBXFrameworksBuildPhase section */
		AA5212C12A498085008D33A8 /* Frameworks */ = {
			isa = PBXFrameworksBuildPhase;
			buildActionMask = 2147483647;
			files = (
			);
			runOnlyForDeploymentPostprocessing = 0;
		};
/* End PBXFrameworksBuildPhase section */

/* Begin PBXGroup section */
		AA4443302A51A5DE00E113E4 /* Localization */ = {
			isa = PBXGroup;
			children = (
				AA4443312A51A5EE00E113E4 /* Localizable.xcstrings */,
			);
			path = Localization;
			sourceTree = "<group>";
		};
		AA5212BB2A498085008D33A8 = {
			isa = PBXGroup;
			children = (
				AA5212C62A498085008D33A8 /* Recipes */,
				AA5212C52A498085008D33A8 /* Products */,
			);
			sourceTree = "<group>";
		};
		AA5212C52A498085008D33A8 /* Products */ = {
			isa = PBXGroup;
			children = (
				AA5212C42A498085008D33A8 /* Recipes.app */,
			);
			name = Products;
			sourceTree = "<group>";
		};
		AA5212C62A498085008D33A8 /* Recipes */ = {
			isa = PBXGroup;
			children = (
				AA4443302A51A5DE00E113E4 /* Localization */,
				AAB8A9FB2A4AAFC700E5188E /* Models */,
				AAE7AB112A49843700C94FC0 /* Views */,
				AA5212D92A4980A3008D33A8 /* Pages */,
				AA5212C72A498085008D33A8 /* RecipesApp.swift */,
				AA5212C92A498085008D33A8 /* ContentView.swift */,
				AA5212CB2A498086008D33A8 /* Assets.xcassets */,
				AA5212D22A498086008D33A8 /* Recipes.entitlements */,
				AA5212D32A498086008D33A8 /* Info.plist */,
				AA5212CD2A498086008D33A8 /* Preview Content */,
			);
			path = Recipes;
			sourceTree = "<group>";
		};
		AA5212CD2A498086008D33A8 /* Preview Content */ = {
			isa = PBXGroup;
			children = (
				AA5212CE2A498086008D33A8 /* Preview Assets.xcassets */,
			);
			path = "Preview Content";
			sourceTree = "<group>";
		};
		AA5212D92A4980A3008D33A8 /* Pages */ = {
			isa = PBXGroup;
			children = (
				AA5212DA2A4980B2008D33A8 /* StartPage.swift */,
				AAE7AB0F2A49835F00C94FC0 /* FavoritesPage.swift */,
				AAE7AB142A49889400C94FC0 /* YourRecipesPage.swift */,
				AAB8A9FE2A4AB25000E5188E /* CreateRecipePage.swift */,
			);
			path = Pages;
			sourceTree = "<group>";
		};
		AAB8A9FB2A4AAFC700E5188E /* Models */ = {
			isa = PBXGroup;
			children = (
				AA5212D02A498086008D33A8 /* Recipe.swift */,
				AA44432A2A517E0C00E113E4 /* Extensions.swift */,
			);
			path = Models;
			sourceTree = "<group>";
		};
		AAE7AB112A49843700C94FC0 /* Views */ = {
			isa = PBXGroup;
			children = (
				AAE7AB122A49844500C94FC0 /* RecipeCardView.swift */,
				AA44432C2A51831800E113E4 /* EmptyListItem.swift */,
				AA44432E2A51A14E00E113E4 /* TagView.swift */,
			);
			path = Views;
			sourceTree = "<group>";
		};
/* End PBXGroup section */

/* Begin PBXNativeTarget section */
		AA5212C32A498085008D33A8 /* Recipes */ = {
			isa = PBXNativeTarget;
			buildConfigurationList = AA5212D62A498086008D33A8 /* Build configuration list for PBXNativeTarget "Recipes" */;
			buildPhases = (
				AA5212C02A498085008D33A8 /* Sources */,
				AA5212C12A498085008D33A8 /* Frameworks */,
				AA5212C22A498085008D33A8 /* Resources */,
			);
			buildRules = (
			);
			dependencies = (
			);
			name = Recipes;
			productName = Recipes;
			productReference = AA5212C42A498085008D33A8 /* Recipes.app */;
			productType = "com.apple.product-type.application";
		};
/* End PBXNativeTarget section */

/* Begin PBXProject section */
		AA5212BC2A498085008D33A8 /* Project object */ = {
			isa = PBXProject;
			attributes = {
				BuildIndependentTargetsInParallel = 1;
				LastSwiftUpdateCheck = 1500;
				LastUpgradeCheck = 1500;
				TargetAttributes = {
					AA5212C32A498085008D33A8 = {
						CreatedOnToolsVersion = 15.0;
					};
				};
			};
			buildConfigurationList = AA5212BF2A498085008D33A8 /* Build configuration list for PBXProject "Recipes" */;
			compatibilityVersion = "Xcode 14.0";
			developmentRegion = en;
			hasScannedForEncodings = 0;
			knownRegions = (
				en,
				Base,
				de,
			);
			mainGroup = AA5212BB2A498085008D33A8;
			productRefGroup = AA5212C52A498085008D33A8 /* Products */;
			projectDirPath = "";
			projectRoot = "";
			targets = (
				AA5212C32A498085008D33A8 /* Recipes */,
			);
		};
/* End PBXProject section */

/* Begin PBXResourcesBuildPhase section */
		AA5212C22A498085008D33A8 /* Resources */ = {
			isa = PBXResourcesBuildPhase;
			buildActionMask = 2147483647;
			files = (
				AA5212CF2A498086008D33A8 /* Preview Assets.xcassets in Resources */,
				AA5212CC2A498086008D33A8 /* Assets.xcassets in Resources */,
				AA4443322A51A5EE00E113E4 /* Localizable.xcstrings in Resources */,
			);
			runOnlyForDeploymentPostprocessing = 0;
		};
/* End PBXResourcesBuildPhase section */

/* Begin PBXSourcesBuildPhase section */
		AA5212C02A498085008D33A8 /* Sources */ = {
			isa = PBXSourcesBuildPhase;
			buildActionMask = 2147483647;
			files = (
				AAE7AB132A49844500C94FC0 /* RecipeCardView.swift in Sources */,
				AA44432B2A517E0C00E113E4 /* Extensions.swift in Sources */,
				AA44432F2A51A14E00E113E4 /* TagView.swift in Sources */,
				AAE7AB102A49835F00C94FC0 /* FavoritesPage.swift in Sources */,
				AA5212CA2A498085008D33A8 /* ContentView.swift in Sources */,
				AA44432D2A51831800E113E4 /* EmptyListItem.swift in Sources */,
				AA5212DB2A4980B2008D33A8 /* StartPage.swift in Sources */,
				AA5212D12A498086008D33A8 /* Recipe.swift in Sources */,
				AA5212C82A498085008D33A8 /* RecipesApp.swift in Sources */,
				AAE7AB152A49889400C94FC0 /* YourRecipesPage.swift in Sources */,
				AAB8A9FF2A4AB25000E5188E /* CreateRecipePage.swift in Sources */,
			);
			runOnlyForDeploymentPostprocessing = 0;
		};
/* End PBXSourcesBuildPhase section */

/* Begin XCBuildConfiguration section */
		AA5212D42A498086008D33A8 /* Debug */ = {
			isa = XCBuildConfiguration;
			buildSettings = {
				ALWAYS_SEARCH_USER_PATHS = NO;
				ASSETCATALOG_COMPILER_GENERATE_SWIFT_ASSET_SYMBOL_EXTENSIONS = YES;
				CLANG_ANALYZER_NONNULL = YES;
				CLANG_ANALYZER_NUMBER_OBJECT_CONVERSION = YES_AGGRESSIVE;
				CLANG_CXX_LANGUAGE_STANDARD = "gnu++20";
				CLANG_ENABLE_MODULES = YES;
				CLANG_ENABLE_OBJC_ARC = YES;
				CLANG_ENABLE_OBJC_WEAK = YES;
				CLANG_WARN_BLOCK_CAPTURE_AUTORELEASING = YES;
				CLANG_WARN_BOOL_CONVERSION = YES;
				CLANG_WARN_COMMA = YES;
				CLANG_WARN_CONSTANT_CONVERSION = YES;
				CLANG_WARN_DEPRECATED_OBJC_IMPLEMENTATIONS = YES;
				CLANG_WARN_DIRECT_OBJC_ISA_USAGE = YES_ERROR;
				CLANG_WARN_DOCUMENTATION_COMMENTS = YES;
				CLANG_WARN_EMPTY_BODY = YES;
				CLANG_WARN_ENUM_CONVERSION = YES;
				CLANG_WARN_INFINITE_RECURSION = YES;
				CLANG_WARN_INT_CONVERSION = YES;
				CLANG_WARN_NON_LITERAL_NULL_CONVERSION = YES;
				CLANG_WARN_OBJC_IMPLICIT_RETAIN_SELF = YES;
				CLANG_WARN_OBJC_LITERAL_CONVERSION = YES;
				CLANG_WARN_OBJC_ROOT_CLASS = YES_ERROR;
				CLANG_WARN_QUOTED_INCLUDE_IN_FRAMEWORK_HEADER = YES;
				CLANG_WARN_RANGE_LOOP_ANALYSIS = YES;
				CLANG_WARN_STRICT_PROTOTYPES = YES;
				CLANG_WARN_SUSPICIOUS_MOVE = YES;
				CLANG_WARN_UNGUARDED_AVAILABILITY = YES_AGGRESSIVE;
				CLANG_WARN_UNREACHABLE_CODE = YES;
				CLANG_WARN__DUPLICATE_METHOD_MATCH = YES;
				COPY_PHASE_STRIP = NO;
				DEBUG_INFORMATION_FORMAT = dwarf;
				ENABLE_STRICT_OBJC_MSGSEND = YES;
				ENABLE_TESTABILITY = YES;
				ENABLE_USER_SCRIPT_SANDBOXING = YES;
				GCC_C_LANGUAGE_STANDARD = gnu17;
				GCC_DYNAMIC_NO_PIC = NO;
				GCC_NO_COMMON_BLOCKS = YES;
				GCC_OPTIMIZATION_LEVEL = 0;
				GCC_PREPROCESSOR_DEFINITIONS = (
					"DEBUG=1",
					"$(inherited)",
				);
				GCC_WARN_64_TO_32_BIT_CONVERSION = YES;
				GCC_WARN_ABOUT_RETURN_TYPE = YES_ERROR;
				GCC_WARN_UNDECLARED_SELECTOR = YES;
				GCC_WARN_UNINITIALIZED_AUTOS = YES_AGGRESSIVE;
				GCC_WARN_UNUSED_FUNCTION = YES;
				GCC_WARN_UNUSED_VARIABLE = YES;
				IPHONEOS_DEPLOYMENT_TARGET = 17.0;
				LOCALIZATION_PREFERS_STRING_CATALOGS = YES;
				MTL_ENABLE_DEBUG_INFO = INCLUDE_SOURCE;
				MTL_FAST_MATH = YES;
				ONLY_ACTIVE_ARCH = YES;
				SDKROOT = iphoneos;
				SWIFT_ACTIVE_COMPILATION_CONDITIONS = "DEBUG $(inherited)";
				SWIFT_OPTIMIZATION_LEVEL = "-Onone";
			};
			name = Debug;
		};
		AA5212D52A498086008D33A8 /* Release */ = {
			isa = XCBuildConfiguration;
			buildSettings = {
				ALWAYS_SEARCH_USER_PATHS = NO;
				ASSETCATALOG_COMPILER_GENERATE_SWIFT_ASSET_SYMBOL_EXTENSIONS = YES;
				CLANG_ANALYZER_NONNULL = YES;
				CLANG_ANALYZER_NUMBER_OBJECT_CONVERSION = YES_AGGRESSIVE;
				CLANG_CXX_LANGUAGE_STANDARD = "gnu++20";
				CLANG_ENABLE_MODULES = YES;
				CLANG_ENABLE_OBJC_ARC = YES;
				CLANG_ENABLE_OBJC_WEAK = YES;
				CLANG_WARN_BLOCK_CAPTURE_AUTORELEASING = YES;
				CLANG_WARN_BOOL_CONVERSION = YES;
				CLANG_WARN_COMMA = YES;
				CLANG_WARN_CONSTANT_CONVERSION = YES;
				CLANG_WARN_DEPRECATED_OBJC_IMPLEMENTATIONS = YES;
				CLANG_WARN_DIRECT_OBJC_ISA_USAGE = YES_ERROR;
				CLANG_WARN_DOCUMENTATION_COMMENTS = YES;
				CLANG_WARN_EMPTY_BODY = YES;
				CLANG_WARN_ENUM_CONVERSION = YES;
				CLANG_WARN_INFINITE_RECURSION = YES;
				CLANG_WARN_INT_CONVERSION = YES;
				CLANG_WARN_NON_LITERAL_NULL_CONVERSION = YES;
				CLANG_WARN_OBJC_IMPLICIT_RETAIN_SELF = YES;
				CLANG_WARN_OBJC_LITERAL_CONVERSION = YES;
				CLANG_WARN_OBJC_ROOT_CLASS = YES_ERROR;
				CLANG_WARN_QUOTED_INCLUDE_IN_FRAMEWORK_HEADER = YES;
				CLANG_WARN_RANGE_LOOP_ANALYSIS = YES;
				CLANG_WARN_STRICT_PROTOTYPES = YES;
				CLANG_WARN_SUSPICIOUS_MOVE = YES;
				CLANG_WARN_UNGUARDED_AVAILABILITY = YES_AGGRESSIVE;
				CLANG_WARN_UNREACHABLE_CODE = YES;
				CLANG_WARN__DUPLICATE_METHOD_MATCH = YES;
				COPY_PHASE_STRIP = NO;
				DEBUG_INFORMATION_FORMAT = "dwarf-with-dsym";
				ENABLE_NS_ASSERTIONS = NO;
				ENABLE_STRICT_OBJC_MSGSEND = YES;
				ENABLE_USER_SCRIPT_SANDBOXING = YES;
				GCC_C_LANGUAGE_STANDARD = gnu17;
				GCC_NO_COMMON_BLOCKS = YES;
				GCC_WARN_64_TO_32_BIT_CONVERSION = YES;
				GCC_WARN_ABOUT_RETURN_TYPE = YES_ERROR;
				GCC_WARN_UNDECLARED_SELECTOR = YES;
				GCC_WARN_UNINITIALIZED_AUTOS = YES_AGGRESSIVE;
				GCC_WARN_UNUSED_FUNCTION = YES;
				GCC_WARN_UNUSED_VARIABLE = YES;
				IPHONEOS_DEPLOYMENT_TARGET = 17.0;
				LOCALIZATION_PREFERS_STRING_CATALOGS = YES;
				MTL_ENABLE_DEBUG_INFO = NO;
				MTL_FAST_MATH = YES;
				SDKROOT = iphoneos;
				SWIFT_COMPILATION_MODE = wholemodule;
				VALIDATE_PRODUCT = YES;
			};
			name = Release;
		};
		AA5212D72A498086008D33A8 /* Debug */ = {
			isa = XCBuildConfiguration;
			buildSettings = {
				ASSETCATALOG_COMPILER_APPICON_NAME = AppIcon;
				ASSETCATALOG_COMPILER_GLOBAL_ACCENT_COLOR_NAME = AccentColor;
				CODE_SIGN_ENTITLEMENTS = Recipes/Recipes.entitlements;
				CODE_SIGN_STYLE = Automatic;
				CURRENT_PROJECT_VERSION = 1;
				DEVELOPMENT_ASSET_PATHS = "\"Recipes/Preview Content\"";
				DEVELOPMENT_TEAM = 725KLMR76T;
				ENABLE_PREVIEWS = YES;
				GENERATE_INFOPLIST_FILE = YES;
				INFOPLIST_FILE = Recipes/Info.plist;
				INFOPLIST_KEY_CFBundleDisplayName = Recipes;
				INFOPLIST_KEY_LSApplicationCategoryType = "public.app-category.food-and-drink";
				INFOPLIST_KEY_UIApplicationSceneManifest_Generation = YES;
				INFOPLIST_KEY_UIApplicationSupportsIndirectInputEvents = YES;
				INFOPLIST_KEY_UILaunchScreen_Generation = YES;
				INFOPLIST_KEY_UISupportedInterfaceOrientations = UIInterfaceOrientationPortrait;
				INFOPLIST_KEY_UISupportedInterfaceOrientations_iPad = "UIInterfaceOrientationLandscapeLeft UIInterfaceOrientationLandscapeRight UIInterfaceOrientationPortrait UIInterfaceOrientationPortraitUpsideDown";
				LD_RUNPATH_SEARCH_PATHS = (
					"$(inherited)",
					"@executable_path/Frameworks",
				);
				MARKETING_VERSION = 1.0;
				PRODUCT_BUNDLE_IDENTIFIER = de.christiansohns.Recipes;
				PRODUCT_NAME = "$(TARGET_NAME)";
				SUPPORTED_PLATFORMS = "iphoneos iphonesimulator";
				SUPPORTS_MACCATALYST = NO;
				SUPPORTS_MAC_DESIGNED_FOR_IPHONE_IPAD = NO;
				SUPPORTS_XR_DESIGNED_FOR_IPHONE_IPAD = NO;
				SWIFT_EMIT_LOC_STRINGS = YES;
				SWIFT_VERSION = 5.0;
				TARGETED_DEVICE_FAMILY = 1;
			};
			name = Debug;
		};
		AA5212D82A498086008D33A8 /* Release */ = {
			isa = XCBuildConfiguration;
			buildSettings = {
				ASSETCATALOG_COMPILER_APPICON_NAME = AppIcon;
				ASSETCATALOG_COMPILER_GLOBAL_ACCENT_COLOR_NAME = AccentColor;
				CODE_SIGN_ENTITLEMENTS = Recipes/Recipes.entitlements;
				CODE_SIGN_STYLE = Automatic;
				CURRENT_PROJECT_VERSION = 1;
				DEVELOPMENT_ASSET_PATHS = "\"Recipes/Preview Content\"";
				DEVELOPMENT_TEAM = 725KLMR76T;
				ENABLE_PREVIEWS = YES;
				GENERATE_INFOPLIST_FILE = YES;
				INFOPLIST_FILE = Recipes/Info.plist;
				INFOPLIST_KEY_CFBundleDisplayName = Recipes;
				INFOPLIST_KEY_LSApplicationCategoryType = "public.app-category.food-and-drink";
				INFOPLIST_KEY_UIApplicationSceneManifest_Generation = YES;
				INFOPLIST_KEY_UIApplicationSupportsIndirectInputEvents = YES;
				INFOPLIST_KEY_UILaunchScreen_Generation = YES;
				INFOPLIST_KEY_UISupportedInterfaceOrientations = UIInterfaceOrientationPortrait;
				INFOPLIST_KEY_UISupportedInterfaceOrientations_iPad = "UIInterfaceOrientationLandscapeLeft UIInterfaceOrientationLandscapeRight UIInterfaceOrientationPortrait UIInterfaceOrientationPortraitUpsideDown";
				LD_RUNPATH_SEARCH_PATHS = (
					"$(inherited)",
					"@executable_path/Frameworks",
				);
				MARKETING_VERSION = 1.0;
				PRODUCT_BUNDLE_IDENTIFIER = de.christiansohns.Recipes;
				PRODUCT_NAME = "$(TARGET_NAME)";
				SUPPORTED_PLATFORMS = "iphoneos iphonesimulator";
				SUPPORTS_MACCATALYST = NO;
				SUPPORTS_MAC_DESIGNED_FOR_IPHONE_IPAD = NO;
				SUPPORTS_XR_DESIGNED_FOR_IPHONE_IPAD = NO;
				SWIFT_EMIT_LOC_STRINGS = YES;
				SWIFT_VERSION = 5.0;
				TARGETED_DEVICE_FAMILY = 1;
			};
			name = Release;
		};
/* End XCBuildConfiguration section */

/* Begin XCConfigurationList section */
		AA5212BF2A498085008D33A8 /* Build configuration list for PBXProject "Recipes" */ = {
			isa = XCConfigurationList;
			buildConfigurations = (
				AA5212D42A498086008D33A8 /* Debug */,
				AA5212D52A498086008D33A8 /* Release */,
			);
			defaultConfigurationIsVisible = 0;
			defaultConfigurationName = Release;
		};
		AA5212D62A498086008D33A8 /* Build configuration list for PBXNativeTarget "Recipes" */ = {
			isa = XCConfigurationList;
			buildConfigurations = (
				AA5212D72A498086008D33A8 /* Debug */,
				AA5212D82A498086008D33A8 /* Release */,
			);
			defaultConfigurationIsVisible = 0;
			defaultConfigurationName = Release;
		};
/* End XCConfigurationList section */
	};
	rootObject = AA5212BC2A498085008D33A8 /* Project object */;
}
